
Microsoft Visual Studio Solution File, Format Version 12.00
# Visual Studio Version 17
VisualStudioVersion = 17.0.31903.59
MinimumVisualStudioVersion = 10.0.40219.1
Project("{9A19103F-16F7-4668-BE54-9A1E7A4F7556}") = "UsersCell", "UsersCell\UsersCell\UsersCell.csproj", "{DB484804-674B-491B-A41F-02F33772DEDA}"
EndProject
Project("{9A19103F-16F7-4668-BE54-9A1E7A4F7556}") = "CompetitionsCell", "CompetitionsCell\CompetitionsCell\CompetitionsCell.csproj", "{CC547E28-80B0-4C85-B8C6-C5A4CB38EA46}"
EndProject
Project("{9A19103F-16F7-4668-BE54-9A1E7A4F7556}") = "NotificationsCell", "NotificationsCell\NotificationsCell\NotificationsCell.csproj", "{E228BAC6-3F70-49B9-B149-2B4F0DABE68A}"
EndProject
Project("{9A19103F-16F7-4668-BE54-9A1E7A4F7556}") = "PaymentsCell", "PaymentsCell\PaymentsCell\PaymentsCell.csproj", "{884458E6-013B-42A8-A6DF-3AB6FB822445}"
EndProject
Project("{9A19103F-16F7-4668-BE54-9A1E7A4F7556}") = "TrainingsCell", "TrainingsCell\TrainingsCell\TrainingsCell.csproj", "{A553F4D5-5C98-4DC3-9A6A-BB3239F8C049}"
EndProject
Project("{9A19103F-16F7-4668-BE54-9A1E7A4F7556}") = "APIGateway", "APIGateway\APIGateway.csproj", "{6ADFF165-B5C1-4071-825E-31F715E3446A}"
EndProject
Project("{FAE04EC0-301F-11D3-BF4B-00C04F79EFBC}") = "MediaCell", "MediaCell\MediaCell.csproj", "{D3192DDC-0880-4E41-BC4E-10E11CFA2CF7}"
EndProject
Global
	GlobalSection(SolutionConfigurationPlatforms) = preSolution
		Debug|Any CPU = Debug|Any CPU
		Release|Any CPU = Release|Any CPU
	EndGlobalSection
	GlobalSection(ProjectConfigurationPlatforms) = postSolution
		{DB484804-674B-491B-A41F-02F33772DEDA}.Debug|Any CPU.ActiveCfg = Debug|Any CPU
		{DB484804-674B-491B-A41F-02F33772DEDA}.Debug|Any CPU.Build.0 = Debug|Any CPU
		{DB484804-674B-491B-A41F-02F33772DEDA}.Release|Any CPU.ActiveCfg = Release|Any CPU
		{DB484804-674B-491B-A41F-02F33772DEDA}.Release|Any CPU.Build.0 = Release|Any CPU
		{CC547E28-80B0-4C85-B8C6-C5A4CB38EA46}.Debug|Any CPU.ActiveCfg = Debug|Any CPU
		{CC547E28-80B0-4C85-B8C6-C5A4CB38EA46}.Debug|Any CPU.Build.0 = Debug|Any CPU
		{CC547E28-80B0-4C85-B8C6-C5A4CB38EA46}.Release|Any CPU.ActiveCfg = Release|Any CPU
		{CC547E28-80B0-4C85-B8C6-C5A4CB38EA46}.Release|Any CPU.Build.0 = Release|Any CPU
		{E228BAC6-3F70-49B9-B149-2B4F0DABE68A}.Debug|Any CPU.ActiveCfg = Debug|Any CPU
		{E228BAC6-3F70-49B9-B149-2B4F0DABE68A}.Debug|Any CPU.Build.0 = Debug|Any CPU
		{E228BAC6-3F70-49B9-B149-2B4F0DABE68A}.Release|Any CPU.ActiveCfg = Release|Any CPU
		{E228BAC6-3F70-49B9-B149-2B4F0DABE68A}.Release|Any CPU.Build.0 = Release|Any CPU
		{884458E6-013B-42A8-A6DF-3AB6FB822445}.Debug|Any CPU.ActiveCfg = Debug|Any CPU
		{884458E6-013B-42A8-A6DF-3AB6FB822445}.Debug|Any CPU.Build.0 = Debug|Any CPU
		{884458E6-013B-42A8-A6DF-3AB6FB822445}.Release|Any CPU.ActiveCfg = Release|Any CPU
		{884458E6-013B-42A8-A6DF-3AB6FB822445}.Release|Any CPU.Build.0 = Release|Any CPU
		{A553F4D5-5C98-4DC3-9A6A-BB3239F8C049}.Debug|Any CPU.ActiveCfg = Debug|Any CPU
		{A553F4D5-5C98-4DC3-9A6A-BB3239F8C049}.Debug|Any CPU.Build.0 = Debug|Any CPU
		{A553F4D5-5C98-4DC3-9A6A-BB3239F8C049}.Release|Any CPU.ActiveCfg = Release|Any CPU
		{A553F4D5-5C98-4DC3-9A6A-BB3239F8C049}.Release|Any CPU.Build.0 = Release|Any CPU
		{6ADFF165-B5C1-4071-825E-31F715E3446A}.Debug|Any CPU.ActiveCfg = Debug|Any CPU
		{6ADFF165-B5C1-4071-825E-31F715E3446A}.Debug|Any CPU.Build.0 = Debug|Any CPU
		{6ADFF165-B5C1-4071-825E-31F715E3446A}.Release|Any CPU.ActiveCfg = Release|Any CPU
		{6ADFF165-B5C1-4071-825E-31F715E3446A}.Release|Any CPU.Build.0 = Release|Any CPU
		{D3192DDC-0880-4E41-BC4E-10E11CFA2CF7}.Debug|Any CPU.ActiveCfg = Debug|Any CPU
		{D3192DDC-0880-4E41-BC4E-10E11CFA2CF7}.Debug|Any CPU.Build.0 = Debug|Any CPU
		{D3192DDC-0880-4E41-BC4E-10E11CFA2CF7}.Release|Any CPU.ActiveCfg = Release|Any CPU
		{D3192DDC-0880-4E41-BC4E-10E11CFA2CF7}.Release|Any CPU.Build.0 = Release|Any CPU
	EndGlobalSection
	GlobalSection(SolutionProperties) = preSolution
		HideSolutionNode = FALSE
	EndGlobalSection
	GlobalSection(ExtensibilityGlobals) = postSolution
		SolutionGuid = {4AFF2B03-2A19-4647-856C-47185D841590}
	EndGlobalSection
EndGlobal
