
Microsoft Visual Studio Solution File, Format Version 12.00
# Visual Studio Version 17
VisualStudioVersion = 17.10.35004.147
MinimumVisualStudioVersion = 10.0.40219.1
Project("{FAE04EC0-301F-11D3-BF4B-00C04F79EFBC}") = "PaymentsCell", "PaymentsCell\PaymentsCell.csproj", "{9885AA6F-27A0-4920-809A-80B21835881C}"
EndProject
Global
	GlobalSection(SolutionConfigurationPlatforms) = preSolution
		Debug|Any CPU = Debug|Any CPU
		Release|Any CPU = Release|Any CPU
	EndGlobalSection
	GlobalSection(ProjectConfigurationPlatforms) = postSolution
		{9885AA6F-27A0-4920-809A-80B21835881C}.Debug|Any CPU.ActiveCfg = Debug|Any CPU
		{9885AA6F-27A0-4920-809A-80B21835881C}.Debug|Any CPU.Build.0 = Debug|Any CPU
		{9885AA6F-27A0-4920-809A-80B21835881C}.Release|Any CPU.ActiveCfg = Release|Any CPU
		{9885AA6F-27A0-4920-809A-80B21835881C}.Release|Any CPU.Build.0 = Release|Any CPU
	EndGlobalSection
	GlobalSection(SolutionProperties) = preSolution
		HideSolutionNode = FALSE
	EndGlobalSection
	GlobalSection(ExtensibilityGlobals) = postSolution
		SolutionGuid = {C2BE04EB-DC37-49AF-AEE1-1FD562EF9E0F}
	EndGlobalSection
EndGlobal
